PODS:
  - GeoSpark (2.2.1)
  - MultiSelectSegmentedControl (2.2.0):
    - SweeterSwift
  - SweeterSwift (1.1.1)

DEPENDENCIES:
  - GeoSpark
  - MultiSelectSegmentedControl

SPEC REPOS:
  trunk:
    - GeoSpark
    - MultiSelectSegmentedControl
    - SweeterSwift

SPEC CHECKSUMS:
  GeoSpark: 61c5b08d3b95d19b82a61fc666691f014914d013
  MultiSelectSegmentedControl: e34388e5d8de55a43ba0191662246c655f5b9d5a
  SweeterSwift: 880b600f079e627dbcc6611121fbaaebd1e6b9d2

PODFILE CHECKSUM: ba6ccbde4d8d0002bee85a956bc0ff8b44222904

COCOAPODS: 1.8.4
