PODS:
  - GeoSpark (0.0.15)
  - MultiSelectSegmentedControl (1.2.1)

DEPENDENCIES:
  - GeoSpark
  - MultiSelectSegmentedControl

SPEC REPOS:
  https://github.com/cocoapods/specs.git:
    - GeoSpark
    - MultiSelectSegmentedControl

SPEC CHECKSUMS:
  GeoSpark: 0f3fdfbd308ff94ded7a9a0f51f6e6f3a08ca818
  MultiSelectSegmentedControl: 495230a5a5fbb6edb03d541f173433922ef0c592

PODFILE CHECKSUM: 9e9a3e823c3cc2b15929384739a80c8025420928

COCOAPODS: 1.5.3
